
Microsoft Visual Studio Solution File, Format Version 11.00
# Visual Studio 2010
Project("{8BC9CEB8-8B4A-11D0-8D11-00A0C91BC942}") = "Game", "Game\Game.vcxproj", "{85EAAD2C-9669-46A3-B1EE-841F4C67A42C}"
EndProject
Global
	GlobalSection(SolutionConfigurationPlatforms) = preSolution
		Debug|Win32 = Debug|Win32
		Release|Win32 = Release|Win32
	EndGlobalSection
	GlobalSection(ProjectConfigurationPlatforms) = postSolution
		{85EAAD2C-9669-46A3-B1EE-841F4C67A42C}.Debug|Win32.ActiveCfg = Release|Win32
		{85EAAD2C-9669-46A3-B1EE-841F4C67A42C}.Debug|Win32.Build.0 = Release|Win32
		{85EAAD2C-9669-46A3-B1EE-841F4C67A42C}.Release|Win32.ActiveCfg = Release|Win32
		{85EAAD2C-9669-46A3-B1EE-841F4C67A42C}.Release|Win32.Build.0 = Release|Win32
	EndGlobalSection
	GlobalSection(SolutionProperties) = preSolution
		HideSolutionNode = FALSE
	EndGlobalSection
EndGlobal
